
Microsoft Visual Studio Solution File, Format Version 12.00
# Visual Studio 14
VisualStudioVersion = 14.0.25420.1
MinimumVisualStudioVersion = 10.0.40219.1
Project("{FAE04EC0-301F-11D3-BF4B-00C04F79EFBC}") = "Lengaburu.Core", "Problem1\Lengaburu.Core.csproj", "{C7CC022C-0686-4745-BE6E-E90B136D6BF0}"
EndProject
Project("{FAE04EC0-301F-11D3-BF4B-00C04F79EFBC}") = "Lengaburu.Tests", "FamilyProblems.Tests\Lengaburu.Tests.csproj", "{49213EC7-BD40-4A9A-AAF7-0573E209EE9A}"
EndProject
Project("{2150E333-8FDC-42A3-9474-1A3956D46DE8}") = "Solution Items", "Solution Items", "{CC4538BC-CBD9-4327-B882-775E3B36E2D5}"
	ProjectSection(SolutionItems) = preProject
		Readme.md = Readme.md
	EndProjectSection
EndProject
Project("{FAE04EC0-301F-11D3-BF4B-00C04F79EFBC}") = "Lengaburu.Core.Search", "Lengaburu.Search\Lengaburu.Core.Search.csproj", "{6E6F8DAD-80BC-478F-878D-8304AB6DF5F4}"
EndProject
Project("{2150E333-8FDC-42A3-9474-1A3956D46DE8}") = "Business", "Business", "{8B1055E8-4562-4A58-BF05-20D2F51216E6}"
EndProject
Project("{FAE04EC0-301F-11D3-BF4B-00C04F79EFBC}") = "Lengaburu.Business", "Lengaburu.Business\Lengaburu.Business.csproj", "{3EE6D4BB-D74F-4FED-8078-048B6F71A66C}"
EndProject
Project("{2150E333-8FDC-42A3-9474-1A3956D46DE8}") = "Presentation", "Presentation", "{BA431C15-BE88-4595-9951-7A6D1FD81E9B}"
EndProject
Project("{FAE04EC0-301F-11D3-BF4B-00C04F79EFBC}") = "Lengaburu.Console", "Lengaburu.Console\Lengaburu.Console.csproj", "{FD5B3D5C-C279-49C3-96DF-F599DE11FDAD}"
EndProject
Project("{2150E333-8FDC-42A3-9474-1A3956D46DE8}") = "Tests", "Tests", "{79916862-EF57-4156-847D-7D1E85324583}"
EndProject
Project("{2150E333-8FDC-42A3-9474-1A3956D46DE8}") = "Infrastructure", "Infrastructure", "{D6BEC9C8-0672-4F4A-A147-40D5CE9FABD8}"
EndProject
Global
	GlobalSection(SolutionConfigurationPlatforms) = preSolution
		Debug|Any CPU = Debug|Any CPU
		Release|Any CPU = Release|Any CPU
	EndGlobalSection
	GlobalSection(ProjectConfigurationPlatforms) = postSolution
		{C7CC022C-0686-4745-BE6E-E90B136D6BF0}.Debug|Any CPU.ActiveCfg = Debug|Any CPU
		{C7CC022C-0686-4745-BE6E-E90B136D6BF0}.Debug|Any CPU.Build.0 = Debug|Any CPU
		{C7CC022C-0686-4745-BE6E-E90B136D6BF0}.Release|Any CPU.ActiveCfg = Release|Any CPU
		{C7CC022C-0686-4745-BE6E-E90B136D6BF0}.Release|Any CPU.Build.0 = Release|Any CPU
		{49213EC7-BD40-4A9A-AAF7-0573E209EE9A}.Debug|Any CPU.ActiveCfg = Debug|Any CPU
		{49213EC7-BD40-4A9A-AAF7-0573E209EE9A}.Debug|Any CPU.Build.0 = Debug|Any CPU
		{49213EC7-BD40-4A9A-AAF7-0573E209EE9A}.Release|Any CPU.ActiveCfg = Release|Any CPU
		{49213EC7-BD40-4A9A-AAF7-0573E209EE9A}.Release|Any CPU.Build.0 = Release|Any CPU
		{6E6F8DAD-80BC-478F-878D-8304AB6DF5F4}.Debug|Any CPU.ActiveCfg = Debug|Any CPU
		{6E6F8DAD-80BC-478F-878D-8304AB6DF5F4}.Debug|Any CPU.Build.0 = Debug|Any CPU
		{6E6F8DAD-80BC-478F-878D-8304AB6DF5F4}.Release|Any CPU.ActiveCfg = Release|Any CPU
		{6E6F8DAD-80BC-478F-878D-8304AB6DF5F4}.Release|Any CPU.Build.0 = Release|Any CPU
		{3EE6D4BB-D74F-4FED-8078-048B6F71A66C}.Debug|Any CPU.ActiveCfg = Debug|Any CPU
		{3EE6D4BB-D74F-4FED-8078-048B6F71A66C}.Debug|Any CPU.Build.0 = Debug|Any CPU
		{3EE6D4BB-D74F-4FED-8078-048B6F71A66C}.Release|Any CPU.ActiveCfg = Release|Any CPU
		{3EE6D4BB-D74F-4FED-8078-048B6F71A66C}.Release|Any CPU.Build.0 = Release|Any CPU
		{FD5B3D5C-C279-49C3-96DF-F599DE11FDAD}.Debug|Any CPU.ActiveCfg = Debug|Any CPU
		{FD5B3D5C-C279-49C3-96DF-F599DE11FDAD}.Debug|Any CPU.Build.0 = Debug|Any CPU
		{FD5B3D5C-C279-49C3-96DF-F599DE11FDAD}.Release|Any CPU.ActiveCfg = Release|Any CPU
		{FD5B3D5C-C279-49C3-96DF-F599DE11FDAD}.Release|Any CPU.Build.0 = Release|Any CPU
	EndGlobalSection
	GlobalSection(SolutionProperties) = preSolution
		HideSolutionNode = FALSE
	EndGlobalSection
	GlobalSection(NestedProjects) = preSolution
		{C7CC022C-0686-4745-BE6E-E90B136D6BF0} = {D6BEC9C8-0672-4F4A-A147-40D5CE9FABD8}
		{49213EC7-BD40-4A9A-AAF7-0573E209EE9A} = {79916862-EF57-4156-847D-7D1E85324583}
		{6E6F8DAD-80BC-478F-878D-8304AB6DF5F4} = {D6BEC9C8-0672-4F4A-A147-40D5CE9FABD8}
		{3EE6D4BB-D74F-4FED-8078-048B6F71A66C} = {8B1055E8-4562-4A58-BF05-20D2F51216E6}
		{FD5B3D5C-C279-49C3-96DF-F599DE11FDAD} = {BA431C15-BE88-4595-9951-7A6D1FD81E9B}
	EndGlobalSection
EndGlobal
